// !$*UTF8*$!
{
	archiveVersion = 1;
	classes = {
	};
	objectVersion = 46;
	objects = {

/* Begin PBXBuildFile section */
		33AE1CE61D8A717300974B49 /* AppDelegate.swift in Sources */ = {isa = PBXBuildFile; fileRef = 33AE1CE51D8A717300974B49 /* AppDelegate.swift */; };
		33AE1CE81D8A717300974B49 /* ViewController.swift in Sources */ = {isa = PBXBuildFile; fileRef = 33AE1CE71D8A717300974B49 /* ViewController.swift */; };
		33AE1CEB1D8A717300974B49 /* Main.storyboard in Resources */ = {isa = PBXBuildFile; fileRef = 33AE1CE91D8A717300974B49 /* Main.storyboard */; };
		33AE1CEE1D8A717300974B49 /* ShowWebPageInView.xcdatamodeld in Sources */ = {isa = PBXBuildFile; fileRef = 33AE1CEC1D8A717300974B49 /* ShowWebPageInView.xcdatamodeld */; };
		33AE1CF01D8A717300974B49 /* Assets.xcassets in Resources */ = {isa = PBXBuildFile; fileRef = 33AE1CEF1D8A717300974B49 /* Assets.xcassets */; };
		33AE1CF31D8A717300974B49 /* LaunchScreen.storyboard in Resources */ = {isa = PBXBuildFile; fileRef = 33AE1CF11D8A717300974B49 /* LaunchScreen.storyboard */; };
/* End PBXBuildFile section */

/* Begin PBXFileReference section */
		33AE1CE21D8A717300974B49 /* ShowWebPageInView.app */ = {isa = PBXFileReference; explicitFileType = wrapper.application; includeInIndex = 0; path = ShowWebPageInView.app; sourceTree = BUILT_PRODUCTS_DIR; };
		33AE1CE51D8A717300974B49 /* AppDelegate.swift */ = {isa = PBXFileReference; lastKnownFileType = sourcecode.swift; path = AppDelegate.swift; sourceTree = "<group>"; };
		33AE1CE71D8A717300974B49 /* ViewController.swift */ = {isa = PBXFileReference; lastKnownFileType = sourcecode.swift; path = ViewController.swift; sourceTree = "<group>"; };
		33AE1CEA1D8A717300974B49 /* Base */ = {isa = PBXFileReference; lastKnownFileType = file.storyboard; name = Base; path = Base.lproj/Main.storyboard; sourceTree = "<group>"; };
		33AE1CED1D8A717300974B49 /* ShowWebPageInView.xcdatamodel */ = {isa = PBXFileReference; lastKnownFileType = wrapper.xcdatamodel; path = ShowWebPageInView.xcdatamodel; sourceTree = "<group>"; };
		33AE1CEF1D8A717300974B49 /* Assets.xcassets */ = {isa = PBXFileReference; lastKnownFileType = folder.assetcatalog; path = Assets.xcassets; sourceTree = "<group>"; };
		33AE1CF21D8A717300974B49 /* Base */ = {isa = PBXFileReference; lastKnownFileType = file.storyboard; name = Base; path = Base.lproj/LaunchScreen.storyboard; sourceTree = "<group>"; };
		33AE1CF41D8A717300974B49 /* Info.plist */ = {isa = PBXFileReference; lastKnownFileType = text.plist.xml; path = Info.plist; sourceTree = "<group>"; };
/* End PBXFileReference section */

/* Begin PBXFrameworksBuildPhase section */
		33AE1CDF1D8A717300974B49 /* Frameworks */ = {
			isa = PBXFrameworksBuildPhase;
			buildActionMask = 2147483647;
			files = (
			);
			runOnlyForDeploymentPostprocessing = 0;
		};
/* End PBXFrameworksBuildPhase section */

/* Begin PBXGroup section */
		33AE1CD91D8A717300974B49 = {
			isa = PBXGroup;
			children = (
				33AE1CE41D8A717300974B49 /* ShowWebPageInView */,
				33AE1CE31D8A717300974B49 /* Products */,
			);
			sourceTree = "<group>";
		};
		33AE1CE31D8A717300974B49 /* Products */ = {
			isa = PBXGroup;
			children = (
				33AE1CE21D8A717300974B49 /* ShowWebPageInView.app */,
			);
			name = Products;
			sourceTree = "<group>";
		};
		33AE1CE41D8A717300974B49 /* ShowWebPageInView */ = {
			isa = PBXGroup;
			children = (
				33AE1CE51D8A717300974B49 /* AppDelegate.swift */,
				33AE1CE71D8A717300974B49 /* ViewController.swift */,
				33AE1CE91D8A717300974B49 /* Main.storyboard */,
				33AE1CEF1D8A717300974B49 /* Assets.xcassets */,
				33AE1CF11D8A717300974B49 /* LaunchScreen.storyboard */,
				33AE1CF41D8A717300974B49 /* Info.plist */,
				33AE1CEC1D8A717300974B49 /* ShowWebPageInView.xcdatamodeld */,
			);
			path = ShowWebPageInView;
			sourceTree = "<group>";
		};
/* End PBXGroup section */

/* Begin PBXNativeTarget section */
		33AE1CE11D8A717300974B49 /* ShowWebPageInView */ = {
			isa = PBXNativeTarget;
			buildConfigurationList = 33AE1CF71D8A717300974B49 /* Build configuration list for PBXNativeTarget "ShowWebPageInView" */;
			buildPhases = (
				33AE1CDE1D8A717300974B49 /* Sources */,
				33AE1CDF1D8A717300974B49 /* Frameworks */,
				33AE1CE01D8A717300974B49 /* Resources */,
			);
			buildRules = (
			);
			dependencies = (
			);
			name = ShowWebPageInView;
			productName = ShowWebPageInView;
			productReference = 33AE1CE21D8A717300974B49 /* ShowWebPageInView.app */;
			productType = "com.apple.product-type.application";
		};
/* End PBXNativeTarget section */

/* Begin PBXProject section */
		33AE1CDA1D8A717300974B49 /* Project object */ = {
			isa = PBXProject;
			attributes = {
				LastSwiftUpdateCheck = 0730;
				LastUpgradeCheck = 0730;
				ORGANIZATIONNAME = Introp;
				TargetAttributes = {
					33AE1CE11D8A717300974B49 = {
						CreatedOnToolsVersion = 7.3.1;
					};
				};
			};
			buildConfigurationList = 33AE1CDD1D8A717300974B49 /* Build configuration list for PBXProject "ShowWebPageInView" */;
			compatibilityVersion = "Xcode 3.2";
			developmentRegion = English;
			hasScannedForEncodings = 0;
			knownRegions = (
				en,
				Base,
			);
			mainGroup = 33AE1CD91D8A717300974B49;
			productRefGroup = 33AE1CE31D8A717300974B49 /* Products */;
			projectDirPath = "";
			projectRoot = "";
			targets = (
				33AE1CE11D8A717300974B49 /* ShowWebPageInView */,
			);
		};
/* End PBXProject section */

/* Begin PBXResourcesBuildPhase section */
		33AE1CE01D8A717300974B49 /* Resources */ = {
			isa = PBXResourcesBuildPhase;
			buildActionMask = 2147483647;
			files = (
				33AE1CF31D8A717300974B49 /* LaunchScreen.storyboard in Resources */,
				33AE1CF01D8A717300974B49 /* Assets.xcassets in Resources */,
				33AE1CEB1D8A717300974B49 /* Main.storyboard in Resources */,
			);
			runOnlyForDeploymentPostprocessing = 0;
		};
/* End PBXResourcesBuildPhase section */

/* Begin PBXSourcesBuildPhase section */
		33AE1CDE1D8A717300974B49 /* Sources */ = {
			isa = PBXSourcesBuildPhase;
			buildActionMask = 2147483647;
			files = (
				33AE1CE81D8A717300974B49 /* ViewController.swift in Sources */,
				33AE1CEE1D8A717300974B49 /* ShowWebPageInView.xcdatamodeld in Sources */,
				33AE1CE61D8A717300974B49 /* AppDelegate.swift in Sources */,
			);
			runOnlyForDeploymentPostprocessing = 0;
		};
/* End PBXSourcesBuildPhase section */

/* Begin PBXVariantGroup section */
		33AE1CE91D8A717300974B49 /* Main.storyboard */ = {
			isa = PBXVariantGroup;
			children = (
				33AE1CEA1D8A717300974B49 /* Base */,
			);
			name = Main.storyboard;
			sourceTree = "<group>";
		};
		33AE1CF11D8A717300974B49 /* LaunchScreen.storyboard */ = {
			isa = PBXVariantGroup;
			children = (
				33AE1CF21D8A717300974B49 /* Base */,
			);
			name = LaunchScreen.storyboard;
			sourceTree = "<group>";
		};
/* End PBXVariantGroup section */

/* Begin XCBuildConfiguration section */
		33AE1CF51D8A717300974B49 /* Debug */ = {
			isa = XCBuildConfiguration;
			buildSettings = {
				ALWAYS_SEARCH_USER_PATHS = NO;
				CLANG_ANALYZER_NONNULL = YES;
				CLANG_CXX_LANGUAGE_STANDARD = "gnu++0x";
				CLANG_CXX_LIBRARY = "libc++";
				CLANG_ENABLE_MODULES = YES;
				CLANG_ENABLE_OBJC_ARC = YES;
				CLANG_WARN_BOOL_CONVERSION = YES;
				CLANG_WARN_CONSTANT_CONVERSION = YES;
				CLANG_WARN_DIRECT_OBJC_ISA_USAGE = YES_ERROR;
				CLANG_WARN_EMPTY_BODY = YES;
				CLANG_WARN_ENUM_CONVERSION = YES;
				CLANG_WARN_INT_CONVERSION = YES;
				CLANG_WARN_OBJC_ROOT_CLASS = YES_ERROR;
				CLANG_WARN_UNREACHABLE_CODE = YES;
				CLANG_WARN__DUPLICATE_METHOD_MATCH = YES;
				"CODE_SIGN_IDENTITY[sdk=iphoneos*]" = "iPhone Developer";
				COPY_PHASE_STRIP = NO;
				DEBUG_INFORMATION_FORMAT = dwarf;
				ENABLE_STRICT_OBJC_MSGSEND = YES;
				ENABLE_TESTABILITY = YES;
				GCC_C_LANGUAGE_STANDARD = gnu99;
				GCC_DYNAMIC_NO_PIC = NO;
				GCC_NO_COMMON_BLOCKS = YES;
				GCC_OPTIMIZATION_LEVEL = 0;
				GCC_PREPROCESSOR_DEFINITIONS = (
					"DEBUG=1",
					"$(inherited)",
				);
				GCC_WARN_64_TO_32_BIT_CONVERSION = YES;
				GCC_WARN_ABOUT_RETURN_TYPE = YES_ERROR;
				GCC_WARN_UNDECLARED_SELECTOR = YES;
				GCC_WARN_UNINITIALIZED_AUTOS = YES_AGGRESSIVE;
				GCC_WARN_UNUSED_FUNCTION = YES;
				GCC_WARN_UNUSED_VARIABLE = YES;
				IPHONEOS_DEPLOYMENT_TARGET = 9.3;
				MTL_ENABLE_DEBUG_INFO = YES;
				ONLY_ACTIVE_ARCH = YES;
				SDKROOT = iphoneos;
				SWIFT_OPTIMIZATION_LEVEL = "-Onone";
				TARGETED_DEVICE_FAMILY = "1,2";
			};
			name = Debug;
		};
		33AE1CF61D8A717300974B49 /* Release */ = {
			isa = XCBuildConfiguration;
			buildSettings = {
				ALWAYS_SEARCH_USER_PATHS = NO;
				CLANG_ANALYZER_NONNULL = YES;
				CLANG_CXX_LANGUAGE_STANDARD = "gnu++0x";
				CLANG_CXX_LIBRARY = "libc++";
				CLANG_ENABLE_MODULES = YES;
				CLANG_ENABLE_OBJC_ARC = YES;
				CLANG_WARN_BOOL_CONVERSION = YES;
				CLANG_WARN_CONSTANT_CONVERSION = YES;
				CLANG_WARN_DIRECT_OBJC_ISA_USAGE = YES_ERROR;
				CLANG_WARN_EMPTY_BODY = YES;
				CLANG_WARN_ENUM_CONVERSION = YES;
				CLANG_WARN_INT_CONVERSION = YES;
				CLANG_WARN_OBJC_ROOT_CLASS = YES_ERROR;
				CLANG_WARN_UNREACHABLE_CODE = YES;
				CLANG_WARN__DUPLICATE_METHOD_MATCH = YES;
				"CODE_SIGN_IDENTITY[sdk=iphoneos*]" = "iPhone Developer";
				COPY_PHASE_STRIP = NO;
				DEBUG_INFORMATION_FORMAT = "dwarf-with-dsym";
				ENABLE_NS_ASSERTIONS = NO;
				ENABLE_STRICT_OBJC_MSGSEND = YES;
				GCC_C_LANGUAGE_STANDARD = gnu99;
				GCC_NO_COMMON_BLOCKS = YES;
				GCC_WARN_64_TO_32_BIT_CONVERSION = YES;
				GCC_WARN_ABOUT_RETURN_TYPE = YES_ERROR;
				GCC_WARN_UNDECLARED_SELECTOR = YES;
				GCC_WARN_UNINITIALIZED_AUTOS = YES_AGGRESSIVE;
				GCC_WARN_UNUSED_FUNCTION = YES;
				GCC_WARN_UNUSED_VARIABLE = YES;
				IPHONEOS_DEPLOYMENT_TARGET = 9.3;
				MTL_ENABLE_DEBUG_INFO = NO;
				SDKROOT = iphoneos;
				TARGETED_DEVICE_FAMILY = "1,2";
				VALIDATE_PRODUCT = YES;
			};
			name = Release;
		};
		33AE1CF81D8A717300974B49 /* Debug */ = {
			isa = XCBuildConfiguration;
			buildSettings = {
				ASSETCATALOG_COMPILER_APPICON_NAME = AppIcon;
				INFOPLIST_FILE = ShowWebPageInView/Info.plist;
				LD_RUNPATH_SEARCH_PATHS = "$(inherited) @executable_path/Frameworks";
				PRODUCT_BUNDLE_IDENTIFIER = com.example.ShowWebPageInView;
				PRODUCT_NAME = "$(TARGET_NAME)";
			};
			name = Debug;
		};
		33AE1CF91D8A717300974B49 /* Release */ = {
			isa = XCBuildConfiguration;
			buildSettings = {
				ASSETCATALOG_COMPILER_APPICON_NAME = AppIcon;
				INFOPLIST_FILE = ShowWebPageInView/Info.plist;
				LD_RUNPATH_SEARCH_PATHS = "$(inherited) @executable_path/Frameworks";
				PRODUCT_BUNDLE_IDENTIFIER = com.example.ShowWebPageInView;
				PRODUCT_NAME = "$(TARGET_NAME)";
			};
			name = Release;
		};
/* End XCBuildConfiguration section */

/* Begin XCConfigurationList section */
		33AE1CDD1D8A717300974B49 /* Build configuration list for PBXProject "ShowWebPageInView" */ = {
			isa = XCConfigurationList;
			buildConfigurations = (
				33AE1CF51D8A717300974B49 /* Debug */,
				33AE1CF61D8A717300974B49 /* Release */,
			);
			defaultConfigurationIsVisible = 0;
			defaultConfigurationName = Release;
		};
		33AE1CF71D8A717300974B49 /* Build configuration list for PBXNativeTarget "ShowWebPageInView" */ = {
			isa = XCConfigurationList;
			buildConfigurations = (
				33AE1CF81D8A717300974B49 /* Debug */,
				33AE1CF91D8A717300974B49 /* Release */,
			);
			defaultConfigurationIsVisible = 0;
		};
/* End XCConfigurationList section */

/* Begin XCVersionGroup section */
		33AE1CEC1D8A717300974B49 /* ShowWebPageInView.xcdatamodeld */ = {
			isa = XCVersionGroup;
			children = (
				33AE1CED1D8A717300974B49 /* ShowWebPageInView.xcdatamodel */,
			);
			currentVersion = 33AE1CED1D8A717300974B49 /* ShowWebPageInView.xcdatamodel */;
			path = ShowWebPageInView.xcdatamodeld;
			sourceTree = "<group>";
			versionGroupType = wrapper.xcdatamodel;
		};
/* End XCVersionGroup section */
	};
	rootObject = 33AE1CDA1D8A717300974B49 /* Project object */;
}
